
Microsoft Visual Studio Solution File, Format Version 12.00
# Visual Studio Version 16
VisualStudioVersion = 16.0.34031.81
MinimumVisualStudioVersion = 10.0.40219.1
Project("{FAE04EC0-301F-11D3-BF4B-00C04F79EFBC}") = "ThiGKNguyenTuanTu_63135967", "ThiGKNguyenTuanTu_63135967\ThiGKNguyenTuanTu_63135967.csproj", "{70FC2FC0-ABCC-49BB-83F8-0F199B75A0BD}"
EndProject
Global
	GlobalSection(SolutionConfigurationPlatforms) = preSolution
		Debug|Any CPU = Debug|Any CPU
		Release|Any CPU = Release|Any CPU
	EndGlobalSection
	GlobalSection(ProjectConfigurationPlatforms) = postSolution
		{70FC2FC0-ABCC-49BB-83F8-0F199B75A0BD}.Debug|Any CPU.ActiveCfg = Debug|Any CPU
		{70FC2FC0-ABCC-49BB-83F8-0F199B75A0BD}.Debug|Any CPU.Build.0 = Debug|Any CPU
		{70FC2FC0-ABCC-49BB-83F8-0F199B75A0BD}.Release|Any CPU.ActiveCfg = Release|Any CPU
		{70FC2FC0-ABCC-49BB-83F8-0F199B75A0BD}.Release|Any CPU.Build.0 = Release|Any CPU
	EndGlobalSection
	GlobalSection(SolutionProperties) = preSolution
		HideSolutionNode = FALSE
	EndGlobalSection
	GlobalSection(ExtensibilityGlobals) = postSolution
		SolutionGuid = {2539E3D2-D786-4BA0-A86D-525BF5FE3F8E}
	EndGlobalSection
EndGlobal
