
Microsoft Visual Studio Solution File, Format Version 12.00
# Visual Studio Version 16
VisualStudioVersion = 16.0.34031.81
MinimumVisualStudioVersion = 10.0.40219.1
Project("{FAE04EC0-301F-11D3-BF4B-00C04F79EFBC}") = "NguyenTuanTu", "NguyenTuanTu\NguyenTuanTu.csproj", "{591E9565-720E-48C7-9EB1-53728DA20612}"
EndProject
Global
	GlobalSection(SolutionConfigurationPlatforms) = preSolution
		Debug|Any CPU = Debug|Any CPU
		Release|Any CPU = Release|Any CPU
	EndGlobalSection
	GlobalSection(ProjectConfigurationPlatforms) = postSolution
		{591E9565-720E-48C7-9EB1-53728DA20612}.Debug|Any CPU.ActiveCfg = Debug|Any CPU
		{591E9565-720E-48C7-9EB1-53728DA20612}.Debug|Any CPU.Build.0 = Debug|Any CPU
		{591E9565-720E-48C7-9EB1-53728DA20612}.Release|Any CPU.ActiveCfg = Release|Any CPU
		{591E9565-720E-48C7-9EB1-53728DA20612}.Release|Any CPU.Build.0 = Release|Any CPU
	EndGlobalSection
	GlobalSection(SolutionProperties) = preSolution
		HideSolutionNode = FALSE
	EndGlobalSection
	GlobalSection(ExtensibilityGlobals) = postSolution
		SolutionGuid = {48DABE8E-6F30-4E42-AAE5-44ABF64FA8AB}
	EndGlobalSection
EndGlobal
