
Microsoft Visual Studio Solution File, Format Version 12.00
# Visual Studio Version 16
VisualStudioVersion = 16.0.34031.81
MinimumVisualStudioVersion = 10.0.40219.1
Project("{FAE04EC0-301F-11D3-BF4B-00C04F79EFBC}") = "UDW", "UDW\UDW.csproj", "{FFEAE0D9-0FD3-4FA9-BCD2-E2FBD225A376}"
EndProject
Global
	GlobalSection(SolutionConfigurationPlatforms) = preSolution
		Debug|Any CPU = Debug|Any CPU
		Release|Any CPU = Release|Any CPU
	EndGlobalSection
	GlobalSection(ProjectConfigurationPlatforms) = postSolution
		{FFEAE0D9-0FD3-4FA9-BCD2-E2FBD225A376}.Debug|Any CPU.ActiveCfg = Debug|Any CPU
		{FFEAE0D9-0FD3-4FA9-BCD2-E2FBD225A376}.Debug|Any CPU.Build.0 = Debug|Any CPU
		{FFEAE0D9-0FD3-4FA9-BCD2-E2FBD225A376}.Release|Any CPU.ActiveCfg = Release|Any CPU
		{FFEAE0D9-0FD3-4FA9-BCD2-E2FBD225A376}.Release|Any CPU.Build.0 = Release|Any CPU
	EndGlobalSection
	GlobalSection(SolutionProperties) = preSolution
		HideSolutionNode = FALSE
	EndGlobalSection
	GlobalSection(ExtensibilityGlobals) = postSolution
		SolutionGuid = {C12B740C-8B11-47A0-802F-28A6025DE0E5}
	EndGlobalSection
EndGlobal
